
Microsoft Visual Studio Solution File, Format Version 12.00
# Visual Studio Version 16
VisualStudioVersion = 16.0.31624.102
MinimumVisualStudioVersion = 10.0.40219.1
Project("{FAE04EC0-301F-11D3-BF4B-00C04F79EFBC}") = "InventoryManagement", "InventoryManagement.csproj", "{F4490069-C833-4BF7-A75A-0D2C3EA74675}"
EndProject
Global
	GlobalSection(SolutionConfigurationPlatforms) = preSolution
		Debug|Any CPU = Debug|Any CPU
		Release|Any CPU = Release|Any CPU
	EndGlobalSection
	GlobalSection(ProjectConfigurationPlatforms) = postSolution
		{F4490069-C833-4BF7-A75A-0D2C3EA74675}.Debug|Any CPU.ActiveCfg = Debug|Any CPU
		{F4490069-C833-4BF7-A75A-0D2C3EA74675}.Debug|Any CPU.Build.0 = Debug|Any CPU
		{F4490069-C833-4BF7-A75A-0D2C3EA74675}.Release|Any CPU.ActiveCfg = Release|Any CPU
		{F4490069-C833-4BF7-A75A-0D2C3EA74675}.Release|Any CPU.Build.0 = Release|Any CPU
	EndGlobalSection
	GlobalSection(SolutionProperties) = preSolution
		HideSolutionNode = FALSE
	EndGlobalSection
	GlobalSection(ExtensibilityGlobals) = postSolution
		SolutionGuid = {E88AAA21-D6EB-45F2-90A2-F3357CBFBF58}
	EndGlobalSection
EndGlobal
